
Microsoft Visual Studio Solution File, Format Version 12.00
# Visual Studio Version 17
VisualStudioVersion = 17.11.35208.52
MinimumVisualStudioVersion = 10.0.40219.1
Project("{FAE04EC0-301F-11D3-BF4B-00C04F79EFBC}") = "ExempleClasseAbstraiteInteface", "ExempleClasseAbstraiteInteface\ExempleClasseAbstraiteInteface.csproj", "{53F7F1EF-6403-4FFF-9AA1-9A25EF502FD1}"
EndProject
Global
	GlobalSection(SolutionConfigurationPlatforms) = preSolution
		Debug|Any CPU = Debug|Any CPU
		Release|Any CPU = Release|Any CPU
	EndGlobalSection
	GlobalSection(ProjectConfigurationPlatforms) = postSolution
		{53F7F1EF-6403-4FFF-9AA1-9A25EF502FD1}.Debug|Any CPU.ActiveCfg = Debug|Any CPU
		{53F7F1EF-6403-4FFF-9AA1-9A25EF502FD1}.Debug|Any CPU.Build.0 = Debug|Any CPU
		{53F7F1EF-6403-4FFF-9AA1-9A25EF502FD1}.Release|Any CPU.ActiveCfg = Release|Any CPU
		{53F7F1EF-6403-4FFF-9AA1-9A25EF502FD1}.Release|Any CPU.Build.0 = Release|Any CPU
	EndGlobalSection
	GlobalSection(SolutionProperties) = preSolution
		HideSolutionNode = FALSE
	EndGlobalSection
	GlobalSection(ExtensibilityGlobals) = postSolution
		SolutionGuid = {E6C50BE0-3377-40AB-8C0E-58037CC0B02C}
	EndGlobalSection
EndGlobal
